
Microsoft Visual Studio Solution File, Format Version 12.00
# Visual Studio Version 17
VisualStudioVersion = 17.11.35208.52
MinimumVisualStudioVersion = 10.0.40219.1
Project("{FAE04EC0-301F-11D3-BF4B-00C04F79EFBC}") = "sei_la", "sei_la\sei_la.csproj", "{5F87A126-1B3A-44FF-BA52-799119AAE343}"
EndProject
Global
	GlobalSection(SolutionConfigurationPlatforms) = preSolution
		Debug|Any CPU = Debug|Any CPU
		Release|Any CPU = Release|Any CPU
	EndGlobalSection
	GlobalSection(ProjectConfigurationPlatforms) = postSolution
		{5F87A126-1B3A-44FF-BA52-799119AAE343}.Debug|Any CPU.ActiveCfg = Debug|Any CPU
		{5F87A126-1B3A-44FF-BA52-799119AAE343}.Debug|Any CPU.Build.0 = Debug|Any CPU
		{5F87A126-1B3A-44FF-BA52-799119AAE343}.Release|Any CPU.ActiveCfg = Release|Any CPU
		{5F87A126-1B3A-44FF-BA52-799119AAE343}.Release|Any CPU.Build.0 = Release|Any CPU
	EndGlobalSection
	GlobalSection(SolutionProperties) = preSolution
		HideSolutionNode = FALSE
	EndGlobalSection
	GlobalSection(ExtensibilityGlobals) = postSolution
		SolutionGuid = {34518739-B4E0-4D59-B481-2253C2F05757}
	EndGlobalSection
EndGlobal
